
Microsoft Visual Studio Solution File, Format Version 12.00
# Visual Studio Version 16
VisualStudioVersion = 16.0.28803.202
MinimumVisualStudioVersion = 10.0.40219.1
Project("{8BC9CEB8-8B4A-11D0-8D11-00A0C91BC942}") = "workspace", "workspace\workspace.vcxproj", "{9AB402CE-4B8A-4850-B16B-B49799C0A306}"
EndProject
Global
	GlobalSection(SolutionConfigurationPlatforms) = preSolution
		Debug|x64 = Debug|x64
		Debug|x86 = Debug|x86
		Release|x64 = Release|x64
		Release|x86 = Release|x86
	EndGlobalSection
	GlobalSection(ProjectConfigurationPlatforms) = postSolution
		{9AB402CE-4B8A-4850-B16B-B49799C0A306}.Debug|x64.ActiveCfg = Debug|x64
		{9AB402CE-4B8A-4850-B16B-B49799C0A306}.Debug|x64.Build.0 = Debug|x64
		{9AB402CE-4B8A-4850-B16B-B49799C0A306}.Debug|x86.ActiveCfg = Debug|Win32
		{9AB402CE-4B8A-4850-B16B-B49799C0A306}.Debug|x86.Build.0 = Debug|Win32
		{9AB402CE-4B8A-4850-B16B-B49799C0A306}.Release|x64.ActiveCfg = Release|x64
		{9AB402CE-4B8A-4850-B16B-B49799C0A306}.Release|x64.Build.0 = Release|x64
		{9AB402CE-4B8A-4850-B16B-B49799C0A306}.Release|x86.ActiveCfg = Release|Win32
		{9AB402CE-4B8A-4850-B16B-B49799C0A306}.Release|x86.Build.0 = Release|Win32
	EndGlobalSection
	GlobalSection(SolutionProperties) = preSolution
		HideSolutionNode = FALSE
	EndGlobalSection
	GlobalSection(ExtensibilityGlobals) = postSolution
		SolutionGuid = {95D3677F-7298-468C-B409-C878192A84D7}
	EndGlobalSection
EndGlobal
